// !$*UTF8*$!
{
	archiveVersion = 1;
	classes = {
	};
	objectVersion = 52;
	objects = {

/* Begin PBXBuildFile section */
		2A3760D52743430E00A204AA /* PlaylistCollectionViewCell.swift in Sources */ = {isa = PBXBuildFile; fileRef = 2A3760D42743430E00A204AA /* PlaylistCollectionViewCell.swift */; };
		2A3760D72743913200A204AA /* FollowersViewController.swift in Sources */ = {isa = PBXBuildFile; fileRef = 2A3760D62743913200A204AA /* FollowersViewController.swift */; };
		2A3760DB2744122B00A204AA /* FollowingDisplayTableViewCell.swift in Sources */ = {isa = PBXBuildFile; fileRef = 2A3760DA2744122B00A204AA /* FollowingDisplayTableViewCell.swift */; };
		2A3760DD2744123900A204AA /* FollowingAddTableViewCell.swift in Sources */ = {isa = PBXBuildFile; fileRef = 2A3760DC2744123900A204AA /* FollowingAddTableViewCell.swift */; };
		2A3760E12744181700A204AA /* FollowersSearchViewController.swift in Sources */ = {isa = PBXBuildFile; fileRef = 2A3760E02744181700A204AA /* FollowersSearchViewController.swift */; };
		2A3760E727441BCA00A204AA /* FirebaseUserDetails.swift in Sources */ = {isa = PBXBuildFile; fileRef = 2A3760E627441BCA00A204AA /* FirebaseUserDetails.swift */; };
		2A9534F527443FA9009541E1 /* Followers.swift in Sources */ = {isa = PBXBuildFile; fileRef = 2A9534F427443FA9009541E1 /* Followers.swift */; };
		6C8F67D2C6FCD3CF24280511 /* Pods_arpeggio.framework in Frameworks */ = {isa = PBXBuildFile; fileRef = BB57A38D2FD4D2BC4998D0D5 /* Pods_arpeggio.framework */; };
		A82DB13E27388FF40032FF21 /* AppDelegate.swift in Sources */ = {isa = PBXBuildFile; fileRef = A82DB13D27388FF40032FF21 /* AppDelegate.swift */; };
		A82DB14027388FF40032FF21 /* SceneDelegate.swift in Sources */ = {isa = PBXBuildFile; fileRef = A82DB13F27388FF40032FF21 /* SceneDelegate.swift */; };
		A82DB14227388FF40032FF21 /* LoginController.swift in Sources */ = {isa = PBXBuildFile; fileRef = A82DB14127388FF40032FF21 /* LoginController.swift */; };
		A82DB14527388FF40032FF21 /* Main.storyboard in Resources */ = {isa = PBXBuildFile; fileRef = A82DB14327388FF40032FF21 /* Main.storyboard */; };
		A82DB14827388FF40032FF21 /* arpeggio.xcdatamodeld in Sources */ = {isa = PBXBuildFile; fileRef = A82DB14627388FF40032FF21 /* arpeggio.xcdatamodeld */; };
		A82DB14A27388FF70032FF21 /* Assets.xcassets in Resources */ = {isa = PBXBuildFile; fileRef = A82DB14927388FF70032FF21 /* Assets.xcassets */; };
		A82DB14D27388FF70032FF21 /* LaunchScreen.storyboard in Resources */ = {isa = PBXBuildFile; fileRef = A82DB14B27388FF70032FF21 /* LaunchScreen.storyboard */; };
		A8DF4A95273CC3EA004C730B /* SpotifyAPI in Frameworks */ = {isa = PBXBuildFile; productRef = A8DF4A94273CC3EA004C730B /* SpotifyAPI */; };
		A8DF4A9A273CDB3E004C730B /* KeychainAccess in Frameworks */ = {isa = PBXBuildFile; productRef = A8DF4A99273CDB3E004C730B /* KeychainAccess */; };
		A8DF4A9C273CDD6C004C730B /* Spotify.swift in Sources */ = {isa = PBXBuildFile; fileRef = A8DF4A9B273CDD6C004C730B /* Spotify.swift */; };
		A8DF4A9F273EFFC1004C730B /* Feed.storyboard in Resources */ = {isa = PBXBuildFile; fileRef = A8DF4A9E273EFFC1004C730B /* Feed.storyboard */; };
		A8DF4AA1273F01BA004C730B /* Discover.storyboard in Resources */ = {isa = PBXBuildFile; fileRef = A8DF4AA0273F01BA004C730B /* Discover.storyboard */; };
		A8DF4AA3273F0201004C730B /* People.storyboard in Resources */ = {isa = PBXBuildFile; fileRef = A8DF4AA2273F0201004C730B /* People.storyboard */; };
		A8DF4AA5273F025E004C730B /* Profile.storyboard in Resources */ = {isa = PBXBuildFile; fileRef = A8DF4AA4273F025E004C730B /* Profile.storyboard */; };
		A8DF4AAA273F0C9B004C730B /* ProfileController.swift in Sources */ = {isa = PBXBuildFile; fileRef = A8DF4AA9273F0C9B004C730B /* ProfileController.swift */; };
		A8DF4AAC273F29DD004C730B /* GoogleService-Info.plist in Resources */ = {isa = PBXBuildFile; fileRef = A8DF4AAB273F29DD004C730B /* GoogleService-Info.plist */; };
		A8DF4AAF27404F2D004C730B /* Crypto.swift in Sources */ = {isa = PBXBuildFile; fileRef = A8DF4AAE27404F2D004C730B /* Crypto.swift */; };
		A8DF4AB1274059CB004C730B /* Firebase.swift in Sources */ = {isa = PBXBuildFile; fileRef = A8DF4AB0274059CB004C730B /* Firebase.swift */; };
/* End PBXBuildFile section */

/* Begin PBXFileReference section */
		2A3760D42743430E00A204AA /* PlaylistCollectionViewCell.swift */ = {isa = PBXFileReference; lastKnownFileType = sourcecode.swift; path = PlaylistCollectionViewCell.swift; sourceTree = "<group>"; };
		2A3760D62743913200A204AA /* FollowersViewController.swift */ = {isa = PBXFileReference; lastKnownFileType = sourcecode.swift; path = FollowersViewController.swift; sourceTree = "<group>"; };
		2A3760DA2744122B00A204AA /* FollowingDisplayTableViewCell.swift */ = {isa = PBXFileReference; lastKnownFileType = sourcecode.swift; path = FollowingDisplayTableViewCell.swift; sourceTree = "<group>"; };
		2A3760DC2744123900A204AA /* FollowingAddTableViewCell.swift */ = {isa = PBXFileReference; lastKnownFileType = sourcecode.swift; path = FollowingAddTableViewCell.swift; sourceTree = "<group>"; };
		2A3760E02744181700A204AA /* FollowersSearchViewController.swift */ = {isa = PBXFileReference; lastKnownFileType = sourcecode.swift; path = FollowersSearchViewController.swift; sourceTree = "<group>"; };
		2A3760E627441BCA00A204AA /* FirebaseUserDetails.swift */ = {isa = PBXFileReference; lastKnownFileType = sourcecode.swift; path = FirebaseUserDetails.swift; sourceTree = "<group>"; };
		2A9534F427443FA9009541E1 /* Followers.swift */ = {isa = PBXFileReference; lastKnownFileType = sourcecode.swift; path = Followers.swift; sourceTree = "<group>"; };
		45B5F3377F5FFA7A4EDA2CA2 /* Pods-arpeggio.debug.xcconfig */ = {isa = PBXFileReference; includeInIndex = 1; lastKnownFileType = text.xcconfig; name = "Pods-arpeggio.debug.xcconfig"; path = "Target Support Files/Pods-arpeggio/Pods-arpeggio.debug.xcconfig"; sourceTree = "<group>"; };
		77AF5FEAC3C9F0E196304F75 /* Pods-arpeggio.release.xcconfig */ = {isa = PBXFileReference; includeInIndex = 1; lastKnownFileType = text.xcconfig; name = "Pods-arpeggio.release.xcconfig"; path = "Target Support Files/Pods-arpeggio/Pods-arpeggio.release.xcconfig"; sourceTree = "<group>"; };
		A82DB13A27388FF40032FF21 /* arpeggio.app */ = {isa = PBXFileReference; explicitFileType = wrapper.application; includeInIndex = 0; path = arpeggio.app; sourceTree = BUILT_PRODUCTS_DIR; };
		A82DB13D27388FF40032FF21 /* AppDelegate.swift */ = {isa = PBXFileReference; lastKnownFileType = sourcecode.swift; path = AppDelegate.swift; sourceTree = "<group>"; };
		A82DB13F27388FF40032FF21 /* SceneDelegate.swift */ = {isa = PBXFileReference; lastKnownFileType = sourcecode.swift; path = SceneDelegate.swift; sourceTree = "<group>"; };
		A82DB14127388FF40032FF21 /* LoginController.swift */ = {isa = PBXFileReference; lastKnownFileType = sourcecode.swift; path = LoginController.swift; sourceTree = "<group>"; };
		A82DB14427388FF40032FF21 /* Base */ = {isa = PBXFileReference; lastKnownFileType = file.storyboard; name = Base; path = Base.lproj/Main.storyboard; sourceTree = "<group>"; };
		A82DB14727388FF40032FF21 /* arpeggio.xcdatamodel */ = {isa = PBXFileReference; lastKnownFileType = wrapper.xcdatamodel; path = arpeggio.xcdatamodel; sourceTree = "<group>"; };
		A82DB14927388FF70032FF21 /* Assets.xcassets */ = {isa = PBXFileReference; lastKnownFileType = folder.assetcatalog; path = Assets.xcassets; sourceTree = "<group>"; };
		A82DB14C27388FF70032FF21 /* Base */ = {isa = PBXFileReference; lastKnownFileType = file.storyboard; name = Base; path = Base.lproj/LaunchScreen.storyboard; sourceTree = "<group>"; };
		A82DB14E27388FF70032FF21 /* Info.plist */ = {isa = PBXFileReference; lastKnownFileType = text.plist.xml; path = Info.plist; sourceTree = "<group>"; };
		A8DF4A9B273CDD6C004C730B /* Spotify.swift */ = {isa = PBXFileReference; lastKnownFileType = sourcecode.swift; path = Spotify.swift; sourceTree = "<group>"; };
		A8DF4A9E273EFFC1004C730B /* Feed.storyboard */ = {isa = PBXFileReference; lastKnownFileType = file.storyboard; path = Feed.storyboard; sourceTree = "<group>"; };
		A8DF4AA0273F01BA004C730B /* Discover.storyboard */ = {isa = PBXFileReference; lastKnownFileType = file.storyboard; path = Discover.storyboard; sourceTree = "<group>"; };
		A8DF4AA2273F0201004C730B /* People.storyboard */ = {isa = PBXFileReference; lastKnownFileType = file.storyboard; path = People.storyboard; sourceTree = "<group>"; };
		A8DF4AA4273F025E004C730B /* Profile.storyboard */ = {isa = PBXFileReference; lastKnownFileType = file.storyboard; path = Profile.storyboard; sourceTree = "<group>"; };
		A8DF4AA9273F0C9B004C730B /* ProfileController.swift */ = {isa = PBXFileReference; lastKnownFileType = sourcecode.swift; path = ProfileController.swift; sourceTree = "<group>"; };
		A8DF4AAB273F29DD004C730B /* GoogleService-Info.plist */ = {isa = PBXFileReference; fileEncoding = 4; lastKnownFileType = text.plist.xml; path = "GoogleService-Info.plist"; sourceTree = "<group>"; };
		A8DF4AAE27404F2D004C730B /* Crypto.swift */ = {isa = PBXFileReference; lastKnownFileType = sourcecode.swift; path = Crypto.swift; sourceTree = "<group>"; };
		A8DF4AB0274059CB004C730B /* Firebase.swift */ = {isa = PBXFileReference; lastKnownFileType = sourcecode.swift; path = Firebase.swift; sourceTree = "<group>"; };
		BB57A38D2FD4D2BC4998D0D5 /* Pods_arpeggio.framework */ = {isa = PBXFileReference; explicitFileType = wrapper.framework; includeInIndex = 0; path = Pods_arpeggio.framework; sourceTree = BUILT_PRODUCTS_DIR; };
/* End PBXFileReference section */

/* Begin PBXFrameworksBuildPhase section */
		A82DB13727388FF40032FF21 /* Frameworks */ = {
			isa = PBXFrameworksBuildPhase;
			buildActionMask = 2147483647;
			files = (
				A8DF4A95273CC3EA004C730B /* SpotifyAPI in Frameworks */,
				A8DF4A9A273CDB3E004C730B /* KeychainAccess in Frameworks */,
				6C8F67D2C6FCD3CF24280511 /* Pods_arpeggio.framework in Frameworks */,
			);
			runOnlyForDeploymentPostprocessing = 0;
		};
/* End PBXFrameworksBuildPhase section */

/* Begin PBXGroup section */
		873B3E672D8B1C2F673295B8 /* Frameworks */ = {
			isa = PBXGroup;
			children = (
				BB57A38D2FD4D2BC4998D0D5 /* Pods_arpeggio.framework */,
			);
			name = Frameworks;
			sourceTree = "<group>";
		};
		A82DB13127388FF40032FF21 = {
			isa = PBXGroup;
			children = (
				A82DB13C27388FF40032FF21 /* arpeggio */,
				A82DB13B27388FF40032FF21 /* Products */,
				E91B374433BB81DF41D47C3A /* Pods */,
				873B3E672D8B1C2F673295B8 /* Frameworks */,
			);
			sourceTree = "<group>";
		};
		A82DB13B27388FF40032FF21 /* Products */ = {
			isa = PBXGroup;
			children = (
				A82DB13A27388FF40032FF21 /* arpeggio.app */,
			);
			name = Products;
			sourceTree = "<group>";
		};
		A82DB13C27388FF40032FF21 /* arpeggio */ = {
			isa = PBXGroup;
			children = (
				A8DF4AAD27404F1C004C730B /* utils */,
				A8DF4AA6273F06DB004C730B /* Controllers */,
				A8DF4A9D273EFFAD004C730B /* Views */,
				A82DB13D27388FF40032FF21 /* AppDelegate.swift */,
				A82DB13F27388FF40032FF21 /* SceneDelegate.swift */,
				A82DB14927388FF70032FF21 /* Assets.xcassets */,
				A82DB14E27388FF70032FF21 /* Info.plist */,
				A82DB14627388FF40032FF21 /* arpeggio.xcdatamodeld */,
				A8DF4AAB273F29DD004C730B /* GoogleService-Info.plist */,
			);
			path = arpeggio;
			sourceTree = "<group>";
		};
		A8DF4A9D273EFFAD004C730B /* Views */ = {
			isa = PBXGroup;
			children = (
				A82DB14327388FF40032FF21 /* Main.storyboard */,
				A82DB14B27388FF70032FF21 /* LaunchScreen.storyboard */,
				A8DF4A9E273EFFC1004C730B /* Feed.storyboard */,
				A8DF4AA0273F01BA004C730B /* Discover.storyboard */,
				A8DF4AA2273F0201004C730B /* People.storyboard */,
				A8DF4AA4273F025E004C730B /* Profile.storyboard */,
			);
			path = Views;
			sourceTree = "<group>";
		};
		A8DF4AA6273F06DB004C730B /* Controllers */ = {
			isa = PBXGroup;
			children = (
				A8DF4AA9273F0C9B004C730B /* ProfileController.swift */,
				A82DB14127388FF40032FF21 /* LoginController.swift */,
				2A3760D42743430E00A204AA /* PlaylistCollectionViewCell.swift */,
				2A3760D62743913200A204AA /* FollowersViewController.swift */,
				2A3760E02744181700A204AA /* FollowersSearchViewController.swift */,
				2A3760DA2744122B00A204AA /* FollowingDisplayTableViewCell.swift */,
				2A3760DC2744123900A204AA /* FollowingAddTableViewCell.swift */,
				2A3760E627441BCA00A204AA /* FirebaseUserDetails.swift */,
			);
			path = Controllers;
			sourceTree = "<group>";
		};
		A8DF4AAD27404F1C004C730B /* utils */ = {
			isa = PBXGroup;
			children = (
				2A9534F427443FA9009541E1 /* Followers.swift */,
				A8DF4AAE27404F2D004C730B /* Crypto.swift */,
				A8DF4A9B273CDD6C004C730B /* Spotify.swift */,
				A8DF4AB0274059CB004C730B /* Firebase.swift */,
			);
			path = utils;
			sourceTree = "<group>";
		};
		E91B374433BB81DF41D47C3A /* Pods */ = {
			isa = PBXGroup;
			children = (
				45B5F3377F5FFA7A4EDA2CA2 /* Pods-arpeggio.debug.xcconfig */,
				77AF5FEAC3C9F0E196304F75 /* Pods-arpeggio.release.xcconfig */,
			);
			path = Pods;
			sourceTree = "<group>";
		};
/* End PBXGroup section */

/* Begin PBXNativeTarget section */
		A82DB13927388FF40032FF21 /* arpeggio */ = {
			isa = PBXNativeTarget;
			buildConfigurationList = A82DB15127388FF70032FF21 /* Build configuration list for PBXNativeTarget "arpeggio" */;
			buildPhases = (
				5D926AB0BB31FC69E611F5C9 /* [CP] Check Pods Manifest.lock */,
				A82DB13627388FF40032FF21 /* Sources */,
				A82DB13727388FF40032FF21 /* Frameworks */,
				A82DB13827388FF40032FF21 /* Resources */,
				84FF9D615AB275D3FADEAA3A /* [CP] Embed Pods Frameworks */,
			);
			buildRules = (
			);
			dependencies = (
			);
			name = arpeggio;
			packageProductDependencies = (
				A8DF4A94273CC3EA004C730B /* SpotifyAPI */,
				A8DF4A99273CDB3E004C730B /* KeychainAccess */,
			);
			productName = arpeggio;
			productReference = A82DB13A27388FF40032FF21 /* arpeggio.app */;
			productType = "com.apple.product-type.application";
		};
/* End PBXNativeTarget section */

/* Begin PBXProject section */
		A82DB13227388FF40032FF21 /* Project object */ = {
			isa = PBXProject;
			attributes = {
				LastSwiftUpdateCheck = 1250;
				LastUpgradeCheck = 1250;
				TargetAttributes = {
					A82DB13927388FF40032FF21 = {
						CreatedOnToolsVersion = 12.5;
					};
				};
			};
			buildConfigurationList = A82DB13527388FF40032FF21 /* Build configuration list for PBXProject "arpeggio" */;
			compatibilityVersion = "Xcode 9.3";
			developmentRegion = en;
			hasScannedForEncodings = 0;
			knownRegions = (
				en,
				Base,
			);
			mainGroup = A82DB13127388FF40032FF21;
			packageReferences = (
				A8DF4A93273CC3EA004C730B /* XCRemoteSwiftPackageReference "SpotifyAPI" */,
				A8DF4A98273CDB3E004C730B /* XCRemoteSwiftPackageReference "KeychainAccess" */,
			);
			productRefGroup = A82DB13B27388FF40032FF21 /* Products */;
			projectDirPath = "";
			projectRoot = "";
			targets = (
				A82DB13927388FF40032FF21 /* arpeggio */,
			);
		};
/* End PBXProject section */

/* Begin PBXResourcesBuildPhase section */
		A82DB13827388FF40032FF21 /* Resources */ = {
			isa = PBXResourcesBuildPhase;
			buildActionMask = 2147483647;
			files = (
				A82DB14D27388FF70032FF21 /* LaunchScreen.storyboard in Resources */,
				A8DF4AAC273F29DD004C730B /* GoogleService-Info.plist in Resources */,
				A82DB14A27388FF70032FF21 /* Assets.xcassets in Resources */,
				A8DF4AA1273F01BA004C730B /* Discover.storyboard in Resources */,
				A8DF4AA3273F0201004C730B /* People.storyboard in Resources */,
				A8DF4A9F273EFFC1004C730B /* Feed.storyboard in Resources */,
				A8DF4AA5273F025E004C730B /* Profile.storyboard in Resources */,
				A82DB14527388FF40032FF21 /* Main.storyboard in Resources */,
			);
			runOnlyForDeploymentPostprocessing = 0;
		};
/* End PBXResourcesBuildPhase section */

/* Begin PBXShellScriptBuildPhase section */
		5D926AB0BB31FC69E611F5C9 /* [CP] Check Pods Manifest.lock */ = {
			isa = PBXShellScriptBuildPhase;
			buildActionMask = 2147483647;
			files = (
			);
			inputFileListPaths = (
			);
			inputPaths = (
				"${PODS_PODFILE_DIR_PATH}/Podfile.lock",
				"${PODS_ROOT}/Manifest.lock",
			);
			name = "[CP] Check Pods Manifest.lock";
			outputFileListPaths = (
			);
			outputPaths = (
				"$(DERIVED_FILE_DIR)/Pods-arpeggio-checkManifestLockResult.txt",
			);
			runOnlyForDeploymentPostprocessing = 0;
			shellPath = /bin/sh;
			shellScript = "diff \"${PODS_PODFILE_DIR_PATH}/Podfile.lock\" \"${PODS_ROOT}/Manifest.lock\" > /dev/null\nif [ $? != 0 ] ; then\n    # print error to STDERR\n    echo \"error: The sandbox is not in sync with the Podfile.lock. Run 'pod install' or update your CocoaPods installation.\" >&2\n    exit 1\nfi\n# This output is used by Xcode 'outputs' to avoid re-running this script phase.\necho \"SUCCESS\" > \"${SCRIPT_OUTPUT_FILE_0}\"\n";
			showEnvVarsInLog = 0;
		};
		84FF9D615AB275D3FADEAA3A /* [CP] Embed Pods Frameworks */ = {
			isa = PBXShellScriptBuildPhase;
			buildActionMask = 2147483647;
			files = (
			);
			inputFileListPaths = (
				"${PODS_ROOT}/Target Support Files/Pods-arpeggio/Pods-arpeggio-frameworks-${CONFIGURATION}-input-files.xcfilelist",
			);
			name = "[CP] Embed Pods Frameworks";
			outputFileListPaths = (
				"${PODS_ROOT}/Target Support Files/Pods-arpeggio/Pods-arpeggio-frameworks-${CONFIGURATION}-output-files.xcfilelist",
			);
			runOnlyForDeploymentPostprocessing = 0;
			shellPath = /bin/sh;
			shellScript = "\"${PODS_ROOT}/Target Support Files/Pods-arpeggio/Pods-arpeggio-frameworks.sh\"\n";
			showEnvVarsInLog = 0;
		};
/* End PBXShellScriptBuildPhase section */

/* Begin PBXSourcesBuildPhase section */
		A82DB13627388FF40032FF21 /* Sources */ = {
			isa = PBXSourcesBuildPhase;
			buildActionMask = 2147483647;
			files = (
				A82DB14227388FF40032FF21 /* LoginController.swift in Sources */,
				2A3760D52743430E00A204AA /* PlaylistCollectionViewCell.swift in Sources */,
				2A3760D72743913200A204AA /* FollowersViewController.swift in Sources */,
				2A3760DD2744123900A204AA /* FollowingAddTableViewCell.swift in Sources */,
				A8DF4A9C273CDD6C004C730B /* Spotify.swift in Sources */,
				A8DF4AB1274059CB004C730B /* Firebase.swift in Sources */,
				A82DB13E27388FF40032FF21 /* AppDelegate.swift in Sources */,
				2A3760DB2744122B00A204AA /* FollowingDisplayTableViewCell.swift in Sources */,
				A82DB14027388FF40032FF21 /* SceneDelegate.swift in Sources */,
				2A3760E12744181700A204AA /* FollowersSearchViewController.swift in Sources */,
				A82DB14827388FF40032FF21 /* arpeggio.xcdatamodeld in Sources */,
				A8DF4AAF27404F2D004C730B /* Crypto.swift in Sources */,
				2A9534F527443FA9009541E1 /* Followers.swift in Sources */,
				2A3760E727441BCA00A204AA /* FirebaseUserDetails.swift in Sources */,
				A8DF4AAA273F0C9B004C730B /* ProfileController.swift in Sources */,
			);
			runOnlyForDeploymentPostprocessing = 0;
		};
/* End PBXSourcesBuildPhase section */

/* Begin PBXVariantGroup section */
		A82DB14327388FF40032FF21 /* Main.storyboard */ = {
			isa = PBXVariantGroup;
			children = (
				A82DB14427388FF40032FF21 /* Base */,
			);
			name = Main.storyboard;
			sourceTree = "<group>";
		};
		A82DB14B27388FF70032FF21 /* LaunchScreen.storyboard */ = {
			isa = PBXVariantGroup;
			children = (
				A82DB14C27388FF70032FF21 /* Base */,
			);
			name = LaunchScreen.storyboard;
			sourceTree = "<group>";
		};
/* End PBXVariantGroup section */

/* Begin XCBuildConfiguration section */
		A82DB14F27388FF70032FF21 /* Debug */ = {
			isa = XCBuildConfiguration;
			buildSettings = {
				ALWAYS_SEARCH_USER_PATHS = NO;
				CLANG_ANALYZER_NONNULL = YES;
				CLANG_ANALYZER_NUMBER_OBJECT_CONVERSION = YES_AGGRESSIVE;
				CLANG_CXX_LANGUAGE_STANDARD = "gnu++14";
				CLANG_CXX_LIBRARY = "libc++";
				CLANG_ENABLE_MODULES = YES;
				CLANG_ENABLE_OBJC_ARC = YES;
				CLANG_ENABLE_OBJC_WEAK = YES;
				CLANG_WARN_BLOCK_CAPTURE_AUTORELEASING = YES;
				CLANG_WARN_BOOL_CONVERSION = YES;
				CLANG_WARN_COMMA = YES;
				CLANG_WARN_CONSTANT_CONVERSION = YES;
				CLANG_WARN_DEPRECATED_OBJC_IMPLEMENTATIONS = YES;
				CLANG_WARN_DIRECT_OBJC_ISA_USAGE = YES_ERROR;
				CLANG_WARN_DOCUMENTATION_COMMENTS = YES;
				CLANG_WARN_EMPTY_BODY = YES;
				CLANG_WARN_ENUM_CONVERSION = YES;
				CLANG_WARN_INFINITE_RECURSION = YES;
				CLANG_WARN_INT_CONVERSION = YES;
				CLANG_WARN_NON_LITERAL_NULL_CONVERSION = YES;
				CLANG_WARN_OBJC_IMPLICIT_RETAIN_SELF = YES;
				CLANG_WARN_OBJC_LITERAL_CONVERSION = YES;
				CLANG_WARN_OBJC_ROOT_CLASS = YES_ERROR;
				CLANG_WARN_QUOTED_INCLUDE_IN_FRAMEWORK_HEADER = YES;
				CLANG_WARN_RANGE_LOOP_ANALYSIS = YES;
				CLANG_WARN_STRICT_PROTOTYPES = YES;
				CLANG_WARN_SUSPICIOUS_MOVE = YES;
				CLANG_WARN_UNGUARDED_AVAILABILITY = YES_AGGRESSIVE;
				CLANG_WARN_UNREACHABLE_CODE = YES;
				CLANG_WARN__DUPLICATE_METHOD_MATCH = YES;
				COPY_PHASE_STRIP = NO;
				DEBUG_INFORMATION_FORMAT = dwarf;
				ENABLE_STRICT_OBJC_MSGSEND = YES;
				ENABLE_TESTABILITY = YES;
				GCC_C_LANGUAGE_STANDARD = gnu11;
				GCC_DYNAMIC_NO_PIC = NO;
				GCC_NO_COMMON_BLOCKS = YES;
				GCC_OPTIMIZATION_LEVEL = 0;
				GCC_PREPROCESSOR_DEFINITIONS = (
					"DEBUG=1",
					"$(inherited)",
				);
				GCC_WARN_64_TO_32_BIT_CONVERSION = YES;
				GCC_WARN_ABOUT_RETURN_TYPE = YES_ERROR;
				GCC_WARN_UNDECLARED_SELECTOR = YES;
				GCC_WARN_UNINITIALIZED_AUTOS = YES_AGGRESSIVE;
				GCC_WARN_UNUSED_FUNCTION = YES;
				GCC_WARN_UNUSED_VARIABLE = YES;
				IPHONEOS_DEPLOYMENT_TARGET = 14.5;
				MTL_ENABLE_DEBUG_INFO = INCLUDE_SOURCE;
				MTL_FAST_MATH = YES;
				ONLY_ACTIVE_ARCH = YES;
				SDKROOT = iphoneos;
				SWIFT_ACTIVE_COMPILATION_CONDITIONS = DEBUG;
				SWIFT_OPTIMIZATION_LEVEL = "-Onone";
			};
			name = Debug;
		};
		A82DB15027388FF70032FF21 /* Release */ = {
			isa = XCBuildConfiguration;
			buildSettings = {
				ALWAYS_SEARCH_USER_PATHS = NO;
				CLANG_ANALYZER_NONNULL = YES;
				CLANG_ANALYZER_NUMBER_OBJECT_CONVERSION = YES_AGGRESSIVE;
				CLANG_CXX_LANGUAGE_STANDARD = "gnu++14";
				CLANG_CXX_LIBRARY = "libc++";
				CLANG_ENABLE_MODULES = YES;
				CLANG_ENABLE_OBJC_ARC = YES;
				CLANG_ENABLE_OBJC_WEAK = YES;
				CLANG_WARN_BLOCK_CAPTURE_AUTORELEASING = YES;
				CLANG_WARN_BOOL_CONVERSION = YES;
				CLANG_WARN_COMMA = YES;
				CLANG_WARN_CONSTANT_CONVERSION = YES;
				CLANG_WARN_DEPRECATED_OBJC_IMPLEMENTATIONS = YES;
				CLANG_WARN_DIRECT_OBJC_ISA_USAGE = YES_ERROR;
				CLANG_WARN_DOCUMENTATION_COMMENTS = YES;
				CLANG_WARN_EMPTY_BODY = YES;
				CLANG_WARN_ENUM_CONVERSION = YES;
				CLANG_WARN_INFINITE_RECURSION = YES;
				CLANG_WARN_INT_CONVERSION = YES;
				CLANG_WARN_NON_LITERAL_NULL_CONVERSION = YES;
				CLANG_WARN_OBJC_IMPLICIT_RETAIN_SELF = YES;
				CLANG_WARN_OBJC_LITERAL_CONVERSION = YES;
				CLANG_WARN_OBJC_ROOT_CLASS = YES_ERROR;
				CLANG_WARN_QUOTED_INCLUDE_IN_FRAMEWORK_HEADER = YES;
				CLANG_WARN_RANGE_LOOP_ANALYSIS = YES;
				CLANG_WARN_STRICT_PROTOTYPES = YES;
				CLANG_WARN_SUSPICIOUS_MOVE = YES;
				CLANG_WARN_UNGUARDED_AVAILABILITY = YES_AGGRESSIVE;
				CLANG_WARN_UNREACHABLE_CODE = YES;
				CLANG_WARN__DUPLICATE_METHOD_MATCH = YES;
				COPY_PHASE_STRIP = NO;
				DEBUG_INFORMATION_FORMAT = "dwarf-with-dsym";
				ENABLE_NS_ASSERTIONS = NO;
				ENABLE_STRICT_OBJC_MSGSEND = YES;
				GCC_C_LANGUAGE_STANDARD = gnu11;
				GCC_NO_COMMON_BLOCKS = YES;
				GCC_WARN_64_TO_32_BIT_CONVERSION = YES;
				GCC_WARN_ABOUT_RETURN_TYPE = YES_ERROR;
				GCC_WARN_UNDECLARED_SELECTOR = YES;
				GCC_WARN_UNINITIALIZED_AUTOS = YES_AGGRESSIVE;
				GCC_WARN_UNUSED_FUNCTION = YES;
				GCC_WARN_UNUSED_VARIABLE = YES;
				IPHONEOS_DEPLOYMENT_TARGET = 14.5;
				MTL_ENABLE_DEBUG_INFO = NO;
				MTL_FAST_MATH = YES;
				SDKROOT = iphoneos;
				SWIFT_COMPILATION_MODE = wholemodule;
				SWIFT_OPTIMIZATION_LEVEL = "-O";
				VALIDATE_PRODUCT = YES;
			};
			name = Release;
		};
		A82DB15227388FF70032FF21 /* Debug */ = {
			isa = XCBuildConfiguration;
			baseConfigurationReference = 45B5F3377F5FFA7A4EDA2CA2 /* Pods-arpeggio.debug.xcconfig */;
			buildSettings = {
				ASSETCATALOG_COMPILER_APPICON_NAME = AppIcon;
				ASSETCATALOG_COMPILER_GLOBAL_ACCENT_COLOR_NAME = AccentColor;
				CODE_SIGN_STYLE = Automatic;
				DEVELOPMENT_TEAM = H44LMG4635;
				ENABLE_TESTABILITY = YES;
				ENABLE_TESTING_SEARCH_PATHS = YES;
				INFOPLIST_FILE = arpeggio/Info.plist;
				LD_RUNPATH_SEARCH_PATHS = (
					"$(inherited)",
					"@executable_path/Frameworks",
				);
				PRODUCT_BUNDLE_IDENTIFIER = com.washu.arpeggio;
				PRODUCT_NAME = "$(TARGET_NAME)";
				SWIFT_VERSION = 5.0;
				TARGETED_DEVICE_FAMILY = "1,2";
			};
			name = Debug;
		};
		A82DB15327388FF70032FF21 /* Release */ = {
			isa = XCBuildConfiguration;
			baseConfigurationReference = 77AF5FEAC3C9F0E196304F75 /* Pods-arpeggio.release.xcconfig */;
			buildSettings = {
				ASSETCATALOG_COMPILER_APPICON_NAME = AppIcon;
				ASSETCATALOG_COMPILER_GLOBAL_ACCENT_COLOR_NAME = AccentColor;
				CODE_SIGN_STYLE = Automatic;
				DEVELOPMENT_TEAM = H44LMG4635;
				ENABLE_TESTING_SEARCH_PATHS = YES;
				INFOPLIST_FILE = arpeggio/Info.plist;
				LD_RUNPATH_SEARCH_PATHS = (
					"$(inherited)",
					"@executable_path/Frameworks",
				);
				PRODUCT_BUNDLE_IDENTIFIER = com.washu.arpeggio;
				PRODUCT_NAME = "$(TARGET_NAME)";
				SWIFT_VERSION = 5.0;
				TARGETED_DEVICE_FAMILY = "1,2";
			};
			name = Release;
		};
/* End XCBuildConfiguration section */

/* Begin XCConfigurationList section */
		A82DB13527388FF40032FF21 /* Build configuration list for PBXProject "arpeggio" */ = {
			isa = XCConfigurationList;
			buildConfigurations = (
				A82DB14F27388FF70032FF21 /* Debug */,
				A82DB15027388FF70032FF21 /* Release */,
			);
			defaultConfigurationIsVisible = 0;
			defaultConfigurationName = Release;
		};
		A82DB15127388FF70032FF21 /* Build configuration list for PBXNativeTarget "arpeggio" */ = {
			isa = XCConfigurationList;
			buildConfigurations = (
				A82DB15227388FF70032FF21 /* Debug */,
				A82DB15327388FF70032FF21 /* Release */,
			);
			defaultConfigurationIsVisible = 0;
			defaultConfigurationName = Release;
		};
/* End XCConfigurationList section */

/* Begin XCRemoteSwiftPackageReference section */
		A8DF4A93273CC3EA004C730B /* XCRemoteSwiftPackageReference "SpotifyAPI" */ = {
			isa = XCRemoteSwiftPackageReference;
			repositoryURL = "https://github.com/Peter-Schorn/SpotifyAPI.git";
			requirement = {
				kind = upToNextMajorVersion;
				minimumVersion = 2.0.0;
			};
		};
		A8DF4A98273CDB3E004C730B /* XCRemoteSwiftPackageReference "KeychainAccess" */ = {
			isa = XCRemoteSwiftPackageReference;
			repositoryURL = "https://github.com/kishikawakatsumi/KeychainAccess.git";
			requirement = {
				kind = upToNextMajorVersion;
				minimumVersion = 4.0.0;
			};
		};
/* End XCRemoteSwiftPackageReference section */

/* Begin XCSwiftPackageProductDependency section */
		A8DF4A94273CC3EA004C730B /* SpotifyAPI */ = {
			isa = XCSwiftPackageProductDependency;
			package = A8DF4A93273CC3EA004C730B /* XCRemoteSwiftPackageReference "SpotifyAPI" */;
			productName = SpotifyAPI;
		};
		A8DF4A99273CDB3E004C730B /* KeychainAccess */ = {
			isa = XCSwiftPackageProductDependency;
			package = A8DF4A98273CDB3E004C730B /* XCRemoteSwiftPackageReference "KeychainAccess" */;
			productName = KeychainAccess;
		};
/* End XCSwiftPackageProductDependency section */

/* Begin XCVersionGroup section */
		A82DB14627388FF40032FF21 /* arpeggio.xcdatamodeld */ = {
			isa = XCVersionGroup;
			children = (
				A82DB14727388FF40032FF21 /* arpeggio.xcdatamodel */,
			);
			currentVersion = A82DB14727388FF40032FF21 /* arpeggio.xcdatamodel */;
			path = arpeggio.xcdatamodeld;
			sourceTree = "<group>";
			versionGroupType = wrapper.xcdatamodel;
		};
/* End XCVersionGroup section */
	};
	rootObject = A82DB13227388FF40032FF21 /* Project object */;
}
